PODS:
  - DynamicBlurView (5.0.3)
  - iOSSnapshotTestCase (8.0.0):
    - iOSSnapshotTestCase/SwiftSupport (= 8.0.0)
  - iOSSnapshotTestCase/Core (8.0.0)
  - iOSSnapshotTestCase/SwiftSupport (8.0.0):
    - iOSSnapshotTestCase/Core
  - Nimble (10.0.0)
  - PopupDialog (1.1.1):
    - DynamicBlurView (~> 5.0)
  - SwiftLint (0.51.0)

DEPENDENCIES:
  - iOSSnapshotTestCase (~> 8.0.0)
  - Nimble (~> 10)
  - PopupDialog (from `../`)
  - SwiftLint (~> 0.35)

SPEC REPOS:
  trunk:
    - DynamicBlurView
    - iOSSnapshotTestCase
    - Nimble
    - SwiftLint

EXTERNAL SOURCES:
  PopupDialog:
    :path: "../"

SPEC CHECKSUMS:
  DynamicBlurView: b57e2f6aa33f85b2bcca272265162a3c7c5cc499
  iOSSnapshotTestCase: a670511f9ee3829c2b9c23e6e68f315fd7b6790f
  Nimble: 5316ef81a170ce87baf72dd961f22f89a602ff84
  PopupDialog: 11d83c0eab63bc0c55f182f4199d5ed2797b332e
  SwiftLint: 1b7561918a19e23bfed960e40759086e70f4dba5

PODFILE CHECKSUM: 0f45b0857ce22b3d0f757cfb4d691ed07f3e9956

COCOAPODS: 1.11.3
