{
  "object": {
    "pins": [
      {
        "package": "DynamicBlurView",
        "repositoryURL": "https://github.com/alinfarcas12/DynamicBlurView.git",
        "state": {
          "branch": "master",
          "revision": "a6ed52c06b9bb1f3757b3c6a2600686570ce3c3b",
          "version": null
        }
      }
    ]
  },
  "version": 1
}
